// !$*UTF8*$!
{
	archiveVersion = 1;
	classes = {
	};
	objectVersion = 50;
	objects = {

/* Begin PBXBuildFile section */
		0A00B1852179843A00AF79B0 /* RCTInitializerModule.m in Sources */ = {isa = PBXBuildFile; fileRef = 0A00B1582179843A00AF79B0 /* RCTInitializerModule.m */; };
		0A00B1862179843A00AF79B0 /* RCTGeocodeModule.m in Sources */ = {isa = PBXBuildFile; fileRef = 0A00B1592179843A00AF79B0 /* RCTGeocodeModule.m */; };
		0A00B1872179843A00AF79B0 /* RCTLocationModule.m in Sources */ = {isa = PBXBuildFile; fileRef = 0A00B15A2179843A00AF79B0 /* RCTLocationModule.m */; };
		0A00B1882179843A00AF79B0 /* RCTCoordinate.m in Sources */ = {isa = PBXBuildFile; fileRef = 0A00B15B2179843A00AF79B0 /* RCTCoordinate.m */; };
		0A00B1892179843A00AF79B0 /* RCTConvert+BaiduMap.m in Sources */ = {isa = PBXBuildFile; fileRef = 0A00B15C2179843A00AF79B0 /* RCTConvert+BaiduMap.m */; };
		0A00B18A2179843A00AF79B0 /* RCTUserLocation.m in Sources */ = {isa = PBXBuildFile; fileRef = 0A00B15E2179843A00AF79B0 /* RCTUserLocation.m */; };
		0A00B18B2179843A00AF79B0 /* RCTCallout.m in Sources */ = {isa = PBXBuildFile; fileRef = 0A00B1602179843A00AF79B0 /* RCTCallout.m */; };
		0A00B18C2179843A00AF79B0 /* RCTHeatMap.m in Sources */ = {isa = PBXBuildFile; fileRef = 0A00B1612179843A00AF79B0 /* RCTHeatMap.m */; };
		0A00B18D2179843A00AF79B0 /* RCTMapViewManager.m in Sources */ = {isa = PBXBuildFile; fileRef = 0A00B1622179843A00AF79B0 /* RCTMapViewManager.m */; };
		0A00B18E2179843A00AF79B0 /* RCTPolygon.m in Sources */ = {isa = PBXBuildFile; fileRef = 0A00B1632179843A00AF79B0 /* RCTPolygon.m */; };
		0A00B18F2179843A00AF79B0 /* RCTMarkerManager.m in Sources */ = {isa = PBXBuildFile; fileRef = 0A00B1652179843A00AF79B0 /* RCTMarkerManager.m */; };
		0A00B1902179843A00AF79B0 /* RCTPolyline.m in Sources */ = {isa = PBXBuildFile; fileRef = 0A00B1662179843A00AF79B0 /* RCTPolyline.m */; };
		0A00B1912179843A00AF79B0 /* RCTOverlay.m in Sources */ = {isa = PBXBuildFile; fileRef = 0A00B1682179843A00AF79B0 /* RCTOverlay.m */; };
		0A00B1922179843A00AF79B0 /* RCTCalloutManager.m in Sources */ = {isa = PBXBuildFile; fileRef = 0A00B1692179843A00AF79B0 /* RCTCalloutManager.m */; };
		0A00B1932179843A00AF79B0 /* RCTHeatMapManager.m in Sources */ = {isa = PBXBuildFile; fileRef = 0A00B16A2179843A00AF79B0 /* RCTHeatMapManager.m */; };
		0A00B1942179843A00AF79B0 /* RCTCircle.m in Sources */ = {isa = PBXBuildFile; fileRef = 0A00B16E2179843A00AF79B0 /* RCTCircle.m */; };
		0A00B1952179843A00AF79B0 /* RCTMarker.m in Sources */ = {isa = PBXBuildFile; fileRef = 0A00B1702179843A00AF79B0 /* RCTMarker.m */; };
		0A00B1962179843A00AF79B0 /* RCTPolygonManager.m in Sources */ = {isa = PBXBuildFile; fileRef = 0A00B1712179843A00AF79B0 /* RCTPolygonManager.m */; };
		0A00B1972179843A00AF79B0 /* RCTCircleManager.m in Sources */ = {isa = PBXBuildFile; fileRef = 0A00B1732179843A00AF79B0 /* RCTCircleManager.m */; };
		0A00B1982179843A00AF79B0 /* RCTPolylineManager.m in Sources */ = {isa = PBXBuildFile; fileRef = 0A00B1742179843A00AF79B0 /* RCTPolylineManager.m */; };
		0A00B1992179843A00AF79B0 /* RCTMapView.m in Sources */ = {isa = PBXBuildFile; fileRef = 0A00B1752179843A00AF79B0 /* RCTMapView.m */; };
		0A00B1BA2179889E00AF79B0 /* BaiduMapAPI_Base.framework in Frameworks */ = {isa = PBXBuildFile; fileRef = 0A00B1B02179889D00AF79B0 /* BaiduMapAPI_Base.framework */; };
		0A00B1BB2179889E00AF79B0 /* BaiduMapAPI_Utils.framework in Frameworks */ = {isa = PBXBuildFile; fileRef = 0A00B1B12179889D00AF79B0 /* BaiduMapAPI_Utils.framework */; };
		0A00B1BC2179889E00AF79B0 /* libcrypto.a in Frameworks */ = {isa = PBXBuildFile; fileRef = 0A00B1B32179889D00AF79B0 /* libcrypto.a */; };
		0A00B1BD2179889E00AF79B0 /* libssl.a in Frameworks */ = {isa = PBXBuildFile; fileRef = 0A00B1B42179889D00AF79B0 /* libssl.a */; };
		0A00B1BE2179889E00AF79B0 /* BaiduMapAPI_Search.framework in Frameworks */ = {isa = PBXBuildFile; fileRef = 0A00B1B52179889D00AF79B0 /* BaiduMapAPI_Search.framework */; };
		0A00B1BF2179889E00AF79B0 /* BaiduMapAPI_Location.framework in Frameworks */ = {isa = PBXBuildFile; fileRef = 0A00B1B62179889D00AF79B0 /* BaiduMapAPI_Location.framework */; };
		0A00B1C02179889E00AF79B0 /* BaiduMapAPI_Map.framework in Frameworks */ = {isa = PBXBuildFile; fileRef = 0A00B1B72179889D00AF79B0 /* BaiduMapAPI_Map.framework */; };
		0A00B1C12179889E00AF79B0 /* BaiduMapAPI_Radar.framework in Frameworks */ = {isa = PBXBuildFile; fileRef = 0A00B1B82179889E00AF79B0 /* BaiduMapAPI_Radar.framework */; };
		0A00B1C22179889E00AF79B0 /* BaiduMapAPI_Cloud.framework in Frameworks */ = {isa = PBXBuildFile; fileRef = 0A00B1B92179889E00AF79B0 /* BaiduMapAPI_Cloud.framework */; };
/* End PBXBuildFile section */

/* Begin PBXCopyFilesBuildPhase section */
		0A434AC521786A7300D4572A /* CopyFiles */ = {
			isa = PBXCopyFilesBuildPhase;
			buildActionMask = 2147483647;
			dstPath = "include/$(PRODUCT_NAME)";
			dstSubfolderSpec = 16;
			files = (
			);
			runOnlyForDeploymentPostprocessing = 0;
		};
/* End PBXCopyFilesBuildPhase section */

/* Begin PBXFileReference section */
		0A00B1582179843A00AF79B0 /* RCTInitializerModule.m */ = {isa = PBXFileReference; fileEncoding = 4; lastKnownFileType = sourcecode.c.objc; path = RCTInitializerModule.m; sourceTree = "<group>"; };
		0A00B1592179843A00AF79B0 /* RCTGeocodeModule.m */ = {isa = PBXFileReference; fileEncoding = 4; lastKnownFileType = sourcecode.c.objc; path = RCTGeocodeModule.m; sourceTree = "<group>"; };
		0A00B15A2179843A00AF79B0 /* RCTLocationModule.m */ = {isa = PBXFileReference; fileEncoding = 4; lastKnownFileType = sourcecode.c.objc; path = RCTLocationModule.m; sourceTree = "<group>"; };
		0A00B15B2179843A00AF79B0 /* RCTCoordinate.m */ = {isa = PBXFileReference; fileEncoding = 4; lastKnownFileType = sourcecode.c.objc; path = RCTCoordinate.m; sourceTree = "<group>"; };
		0A00B15C2179843A00AF79B0 /* RCTConvert+BaiduMap.m */ = {isa = PBXFileReference; fileEncoding = 4; lastKnownFileType = sourcecode.c.objc; path = "RCTConvert+BaiduMap.m"; sourceTree = "<group>"; };
		0A00B15D2179843A00AF79B0 /* RCTUserLocation.h */ = {isa = PBXFileReference; fileEncoding = 4; lastKnownFileType = sourcecode.c.h; path = RCTUserLocation.h; sourceTree = "<group>"; };
		0A00B15E2179843A00AF79B0 /* RCTUserLocation.m */ = {isa = PBXFileReference; fileEncoding = 4; lastKnownFileType = sourcecode.c.objc; path = RCTUserLocation.m; sourceTree = "<group>"; };
		0A00B1602179843A00AF79B0 /* RCTCallout.m */ = {isa = PBXFileReference; fileEncoding = 4; lastKnownFileType = sourcecode.c.objc; path = RCTCallout.m; sourceTree = "<group>"; };
		0A00B1612179843A00AF79B0 /* RCTHeatMap.m */ = {isa = PBXFileReference; fileEncoding = 4; lastKnownFileType = sourcecode.c.objc; path = RCTHeatMap.m; sourceTree = "<group>"; };
		0A00B1622179843A00AF79B0 /* RCTMapViewManager.m */ = {isa = PBXFileReference; fileEncoding = 4; lastKnownFileType = sourcecode.c.objc; path = RCTMapViewManager.m; sourceTree = "<group>"; };
		0A00B1632179843A00AF79B0 /* RCTPolygon.m */ = {isa = PBXFileReference; fileEncoding = 4; lastKnownFileType = sourcecode.c.objc; path = RCTPolygon.m; sourceTree = "<group>"; };
		0A00B1642179843A00AF79B0 /* RCTCircle.h */ = {isa = PBXFileReference; fileEncoding = 4; lastKnownFileType = sourcecode.c.h; path = RCTCircle.h; sourceTree = "<group>"; };
		0A00B1652179843A00AF79B0 /* RCTMarkerManager.m */ = {isa = PBXFileReference; fileEncoding = 4; lastKnownFileType = sourcecode.c.objc; path = RCTMarkerManager.m; sourceTree = "<group>"; };
		0A00B1662179843A00AF79B0 /* RCTPolyline.m */ = {isa = PBXFileReference; fileEncoding = 4; lastKnownFileType = sourcecode.c.objc; path = RCTPolyline.m; sourceTree = "<group>"; };
		0A00B1672179843A00AF79B0 /* RCTMarker.h */ = {isa = PBXFileReference; fileEncoding = 4; lastKnownFileType = sourcecode.c.h; path = RCTMarker.h; sourceTree = "<group>"; };
		0A00B1682179843A00AF79B0 /* RCTOverlay.m */ = {isa = PBXFileReference; fileEncoding = 4; lastKnownFileType = sourcecode.c.objc; path = RCTOverlay.m; sourceTree = "<group>"; };
		0A00B1692179843A00AF79B0 /* RCTCalloutManager.m */ = {isa = PBXFileReference; fileEncoding = 4; lastKnownFileType = sourcecode.c.objc; path = RCTCalloutManager.m; sourceTree = "<group>"; };
		0A00B16A2179843A00AF79B0 /* RCTHeatMapManager.m */ = {isa = PBXFileReference; fileEncoding = 4; lastKnownFileType = sourcecode.c.objc; path = RCTHeatMapManager.m; sourceTree = "<group>"; };
		0A00B16B2179843A00AF79B0 /* RCTMapView.h */ = {isa = PBXFileReference; fileEncoding = 4; lastKnownFileType = sourcecode.c.h; path = RCTMapView.h; sourceTree = "<group>"; };
		0A00B16C2179843A00AF79B0 /* RCTHeatMap.h */ = {isa = PBXFileReference; fileEncoding = 4; lastKnownFileType = sourcecode.c.h; path = RCTHeatMap.h; sourceTree = "<group>"; };
		0A00B16D2179843A00AF79B0 /* RCTCallout.h */ = {isa = PBXFileReference; fileEncoding = 4; lastKnownFileType = sourcecode.c.h; path = RCTCallout.h; sourceTree = "<group>"; };
		0A00B16E2179843A00AF79B0 /* RCTCircle.m */ = {isa = PBXFileReference; fileEncoding = 4; lastKnownFileType = sourcecode.c.objc; path = RCTCircle.m; sourceTree = "<group>"; };
		0A00B16F2179843A00AF79B0 /* RCTPolygon.h */ = {isa = PBXFileReference; fileEncoding = 4; lastKnownFileType = sourcecode.c.h; path = RCTPolygon.h; sourceTree = "<group>"; };
		0A00B1702179843A00AF79B0 /* RCTMarker.m */ = {isa = PBXFileReference; fileEncoding = 4; lastKnownFileType = sourcecode.c.objc; path = RCTMarker.m; sourceTree = "<group>"; };
		0A00B1712179843A00AF79B0 /* RCTPolygonManager.m */ = {isa = PBXFileReference; fileEncoding = 4; lastKnownFileType = sourcecode.c.objc; path = RCTPolygonManager.m; sourceTree = "<group>"; };
		0A00B1722179843A00AF79B0 /* RCTPolyline.h */ = {isa = PBXFileReference; fileEncoding = 4; lastKnownFileType = sourcecode.c.h; path = RCTPolyline.h; sourceTree = "<group>"; };
		0A00B1732179843A00AF79B0 /* RCTCircleManager.m */ = {isa = PBXFileReference; fileEncoding = 4; lastKnownFileType = sourcecode.c.objc; path = RCTCircleManager.m; sourceTree = "<group>"; };
		0A00B1742179843A00AF79B0 /* RCTPolylineManager.m */ = {isa = PBXFileReference; fileEncoding = 4; lastKnownFileType = sourcecode.c.objc; path = RCTPolylineManager.m; sourceTree = "<group>"; };
		0A00B1752179843A00AF79B0 /* RCTMapView.m */ = {isa = PBXFileReference; fileEncoding = 4; lastKnownFileType = sourcecode.c.objc; path = RCTMapView.m; sourceTree = "<group>"; };
		0A00B1762179843A00AF79B0 /* RCTOverlay.h */ = {isa = PBXFileReference; fileEncoding = 4; lastKnownFileType = sourcecode.c.h; path = RCTOverlay.h; sourceTree = "<group>"; };
		0A00B1842179843A00AF79B0 /* RCTCoordinate.h */ = {isa = PBXFileReference; fileEncoding = 4; lastKnownFileType = sourcecode.c.h; path = RCTCoordinate.h; sourceTree = "<group>"; };
		0A00B1B02179889D00AF79B0 /* BaiduMapAPI_Base.framework */ = {isa = PBXFileReference; lastKnownFileType = wrapper.framework; path = BaiduMapAPI_Base.framework; sourceTree = "<group>"; };
		0A00B1B12179889D00AF79B0 /* BaiduMapAPI_Utils.framework */ = {isa = PBXFileReference; lastKnownFileType = wrapper.framework; path = BaiduMapAPI_Utils.framework; sourceTree = "<group>"; };
		0A00B1B32179889D00AF79B0 /* libcrypto.a */ = {isa = PBXFileReference; lastKnownFileType = archive.ar; path = libcrypto.a; sourceTree = "<group>"; };
		0A00B1B42179889D00AF79B0 /* libssl.a */ = {isa = PBXFileReference; lastKnownFileType = archive.ar; path = libssl.a; sourceTree = "<group>"; };
		0A00B1B52179889D00AF79B0 /* BaiduMapAPI_Search.framework */ = {isa = PBXFileReference; lastKnownFileType = wrapper.framework; path = BaiduMapAPI_Search.framework; sourceTree = "<group>"; };
		0A00B1B62179889D00AF79B0 /* BaiduMapAPI_Location.framework */ = {isa = PBXFileReference; lastKnownFileType = wrapper.framework; path = BaiduMapAPI_Location.framework; sourceTree = "<group>"; };
		0A00B1B72179889D00AF79B0 /* BaiduMapAPI_Map.framework */ = {isa = PBXFileReference; lastKnownFileType = wrapper.framework; path = BaiduMapAPI_Map.framework; sourceTree = "<group>"; };
		0A00B1B82179889E00AF79B0 /* BaiduMapAPI_Radar.framework */ = {isa = PBXFileReference; lastKnownFileType = wrapper.framework; path = BaiduMapAPI_Radar.framework; sourceTree = "<group>"; };
		0A00B1B92179889E00AF79B0 /* BaiduMapAPI_Cloud.framework */ = {isa = PBXFileReference; lastKnownFileType = wrapper.framework; path = BaiduMapAPI_Cloud.framework; sourceTree = "<group>"; };
		0A00B3E12179D23C00AF79B0 /* images.bundle */ = {isa = PBXFileReference; lastKnownFileType = "wrapper.plug-in"; path = images.bundle; sourceTree = "<group>"; };
		0A434AC721786A7300D4572A /* libBMapSDK.a */ = {isa = PBXFileReference; explicitFileType = archive.ar; includeInIndex = 0; path = libBMapSDK.a; sourceTree = BUILT_PRODUCTS_DIR; };
/* End PBXFileReference section */

/* Begin PBXFrameworksBuildPhase section */
		0A434AC421786A7300D4572A /* Frameworks */ = {
			isa = PBXFrameworksBuildPhase;
			buildActionMask = 2147483647;
			files = (
				0A00B1BD2179889E00AF79B0 /* libssl.a in Frameworks */,
				0A00B1C02179889E00AF79B0 /* BaiduMapAPI_Map.framework in Frameworks */,
				0A00B1BF2179889E00AF79B0 /* BaiduMapAPI_Location.framework in Frameworks */,
				0A00B1BE2179889E00AF79B0 /* BaiduMapAPI_Search.framework in Frameworks */,
				0A00B1BB2179889E00AF79B0 /* BaiduMapAPI_Utils.framework in Frameworks */,
				0A00B1C22179889E00AF79B0 /* BaiduMapAPI_Cloud.framework in Frameworks */,
				0A00B1C12179889E00AF79B0 /* BaiduMapAPI_Radar.framework in Frameworks */,
				0A00B1BA2179889E00AF79B0 /* BaiduMapAPI_Base.framework in Frameworks */,
				0A00B1BC2179889E00AF79B0 /* libcrypto.a in Frameworks */,
			);
			runOnlyForDeploymentPostprocessing = 0;
		};
/* End PBXFrameworksBuildPhase section */

/* Begin PBXGroup section */
		0A00B1572179843A00AF79B0 /* Modules */ = {
			isa = PBXGroup;
			children = (
				0A00B1582179843A00AF79B0 /* RCTInitializerModule.m */,
				0A00B1592179843A00AF79B0 /* RCTGeocodeModule.m */,
				0A00B15A2179843A00AF79B0 /* RCTLocationModule.m */,
			);
			path = Modules;
			sourceTree = "<group>";
		};
		0A00B15F2179843A00AF79B0 /* MapView */ = {
			isa = PBXGroup;
			children = (
				0A00B1602179843A00AF79B0 /* RCTCallout.m */,
				0A00B1612179843A00AF79B0 /* RCTHeatMap.m */,
				0A00B1622179843A00AF79B0 /* RCTMapViewManager.m */,
				0A00B1632179843A00AF79B0 /* RCTPolygon.m */,
				0A00B1642179843A00AF79B0 /* RCTCircle.h */,
				0A00B1652179843A00AF79B0 /* RCTMarkerManager.m */,
				0A00B1662179843A00AF79B0 /* RCTPolyline.m */,
				0A00B1672179843A00AF79B0 /* RCTMarker.h */,
				0A00B1682179843A00AF79B0 /* RCTOverlay.m */,
				0A00B1692179843A00AF79B0 /* RCTCalloutManager.m */,
				0A00B16A2179843A00AF79B0 /* RCTHeatMapManager.m */,
				0A00B16B2179843A00AF79B0 /* RCTMapView.h */,
				0A00B16C2179843A00AF79B0 /* RCTHeatMap.h */,
				0A00B16D2179843A00AF79B0 /* RCTCallout.h */,
				0A00B16E2179843A00AF79B0 /* RCTCircle.m */,
				0A00B16F2179843A00AF79B0 /* RCTPolygon.h */,
				0A00B1702179843A00AF79B0 /* RCTMarker.m */,
				0A00B1712179843A00AF79B0 /* RCTPolygonManager.m */,
				0A00B1722179843A00AF79B0 /* RCTPolyline.h */,
				0A00B1732179843A00AF79B0 /* RCTCircleManager.m */,
				0A00B1742179843A00AF79B0 /* RCTPolylineManager.m */,
				0A00B1752179843A00AF79B0 /* RCTMapView.m */,
				0A00B1762179843A00AF79B0 /* RCTOverlay.h */,
			);
			path = MapView;
			sourceTree = "<group>";
		};
		0A00B1772179843A00AF79B0 /* Resources */ = {
			isa = PBXGroup;
			children = (
				0A00B3E12179D23C00AF79B0 /* images.bundle */,
			);
			path = Resources;
			sourceTree = "<group>";
		};
		0A00B17A2179843A00AF79B0 /* Frameworks */ = {
			isa = PBXGroup;
			children = (
				0A00B1B02179889D00AF79B0 /* BaiduMapAPI_Base.framework */,
				0A00B1B92179889E00AF79B0 /* BaiduMapAPI_Cloud.framework */,
				0A00B1B62179889D00AF79B0 /* BaiduMapAPI_Location.framework */,
				0A00B1B72179889D00AF79B0 /* BaiduMapAPI_Map.framework */,
				0A00B1B82179889E00AF79B0 /* BaiduMapAPI_Radar.framework */,
				0A00B1B52179889D00AF79B0 /* BaiduMapAPI_Search.framework */,
				0A00B1B12179889D00AF79B0 /* BaiduMapAPI_Utils.framework */,
				0A00B1B22179889D00AF79B0 /* thirdlibs */,
			);
			path = Frameworks;
			sourceTree = "<group>";
		};
		0A00B1B22179889D00AF79B0 /* thirdlibs */ = {
			isa = PBXGroup;
			children = (
				0A00B1B32179889D00AF79B0 /* libcrypto.a */,
				0A00B1B42179889D00AF79B0 /* libssl.a */,
			);
			path = thirdlibs;
			sourceTree = "<group>";
		};
		0A434ABE21786A7300D4572A = {
			isa = PBXGroup;
			children = (
				0A00B17A2179843A00AF79B0 /* Frameworks */,
				0A00B15F2179843A00AF79B0 /* MapView */,
				0A00B1572179843A00AF79B0 /* Modules */,
				0A00B15C2179843A00AF79B0 /* RCTConvert+BaiduMap.m */,
				0A00B1842179843A00AF79B0 /* RCTCoordinate.h */,
				0A00B15B2179843A00AF79B0 /* RCTCoordinate.m */,
				0A00B15D2179843A00AF79B0 /* RCTUserLocation.h */,
				0A00B15E2179843A00AF79B0 /* RCTUserLocation.m */,
				0A00B1772179843A00AF79B0 /* Resources */,
				0A434AC821786A7300D4572A /* Products */,
			);
			sourceTree = "<group>";
		};
		0A434AC821786A7300D4572A /* Products */ = {
			isa = PBXGroup;
			children = (
				0A434AC721786A7300D4572A /* libBMapSDK.a */,
			);
			name = Products;
			sourceTree = "<group>";
		};
/* End PBXGroup section */

/* Begin PBXNativeTarget section */
		0A434AC621786A7300D4572A /* BMapSDK */ = {
			isa = PBXNativeTarget;
			buildConfigurationList = 0A434AD021786A7300D4572A /* Build configuration list for PBXNativeTarget "BMapSDK" */;
			buildPhases = (
				0A434AC321786A7300D4572A /* Sources */,
				0A434AC421786A7300D4572A /* Frameworks */,
				0A434AC521786A7300D4572A /* CopyFiles */,
			);
			buildRules = (
			);
			dependencies = (
			);
			name = BMapSDK;
			productName = BMapSDK;
			productReference = 0A434AC721786A7300D4572A /* libBMapSDK.a */;
			productType = "com.apple.product-type.library.static";
		};
/* End PBXNativeTarget section */

/* Begin PBXProject section */
		0A434ABF21786A7300D4572A /* Project object */ = {
			isa = PBXProject;
			attributes = {
				LastUpgradeCheck = 1000;
				ORGANIZATIONNAME = xieyang;
				TargetAttributes = {
					0A434AC621786A7300D4572A = {
						CreatedOnToolsVersion = 10.0;
					};
				};
			};
			buildConfigurationList = 0A434AC221786A7300D4572A /* Build configuration list for PBXProject "BMapSDK" */;
			compatibilityVersion = "Xcode 9.3";
			developmentRegion = en;
			hasScannedForEncodings = 0;
			knownRegions = (
				en,
			);
			mainGroup = 0A434ABE21786A7300D4572A;
			productRefGroup = 0A434AC821786A7300D4572A /* Products */;
			projectDirPath = "";
			projectRoot = "";
			targets = (
				0A434AC621786A7300D4572A /* BMapSDK */,
			);
		};
/* End PBXProject section */

/* Begin PBXSourcesBuildPhase section */
		0A434AC321786A7300D4572A /* Sources */ = {
			isa = PBXSourcesBuildPhase;
			buildActionMask = 2147483647;
			files = (
				0A00B1932179843A00AF79B0 /* RCTHeatMapManager.m in Sources */,
				0A00B1942179843A00AF79B0 /* RCTCircle.m in Sources */,
				0A00B18C2179843A00AF79B0 /* RCTHeatMap.m in Sources */,
				0A00B18B2179843A00AF79B0 /* RCTCallout.m in Sources */,
				0A00B1912179843A00AF79B0 /* RCTOverlay.m in Sources */,
				0A00B18F2179843A00AF79B0 /* RCTMarkerManager.m in Sources */,
				0A00B1892179843A00AF79B0 /* RCTConvert+BaiduMap.m in Sources */,
				0A00B18A2179843A00AF79B0 /* RCTUserLocation.m in Sources */,
				0A00B1962179843A00AF79B0 /* RCTPolygonManager.m in Sources */,
				0A00B1862179843A00AF79B0 /* RCTGeocodeModule.m in Sources */,
				0A00B1852179843A00AF79B0 /* RCTInitializerModule.m in Sources */,
				0A00B1922179843A00AF79B0 /* RCTCalloutManager.m in Sources */,
				0A00B1992179843A00AF79B0 /* RCTMapView.m in Sources */,
				0A00B18D2179843A00AF79B0 /* RCTMapViewManager.m in Sources */,
				0A00B1872179843A00AF79B0 /* RCTLocationModule.m in Sources */,
				0A00B1902179843A00AF79B0 /* RCTPolyline.m in Sources */,
				0A00B1982179843A00AF79B0 /* RCTPolylineManager.m in Sources */,
				0A00B1972179843A00AF79B0 /* RCTCircleManager.m in Sources */,
				0A00B18E2179843A00AF79B0 /* RCTPolygon.m in Sources */,
				0A00B1952179843A00AF79B0 /* RCTMarker.m in Sources */,
				0A00B1882179843A00AF79B0 /* RCTCoordinate.m in Sources */,
			);
			runOnlyForDeploymentPostprocessing = 0;
		};
/* End PBXSourcesBuildPhase section */

/* Begin XCBuildConfiguration section */
		0A434ACE21786A7300D4572A /* Debug */ = {
			isa = XCBuildConfiguration;
			buildSettings = {
				ALWAYS_SEARCH_USER_PATHS = NO;
				CLANG_ANALYZER_NONNULL = YES;
				CLANG_ANALYZER_NUMBER_OBJECT_CONVERSION = YES_AGGRESSIVE;
				CLANG_CXX_LANGUAGE_STANDARD = "gnu++14";
				CLANG_CXX_LIBRARY = "libc++";
				CLANG_ENABLE_MODULES = YES;
				CLANG_ENABLE_OBJC_ARC = YES;
				CLANG_ENABLE_OBJC_WEAK = YES;
				CLANG_WARN_BLOCK_CAPTURE_AUTORELEASING = YES;
				CLANG_WARN_BOOL_CONVERSION = YES;
				CLANG_WARN_COMMA = YES;
				CLANG_WARN_CONSTANT_CONVERSION = YES;
				CLANG_WARN_DEPRECATED_OBJC_IMPLEMENTATIONS = YES;
				CLANG_WARN_DIRECT_OBJC_ISA_USAGE = YES_ERROR;
				CLANG_WARN_DOCUMENTATION_COMMENTS = YES;
				CLANG_WARN_EMPTY_BODY = YES;
				CLANG_WARN_ENUM_CONVERSION = YES;
				CLANG_WARN_INFINITE_RECURSION = YES;
				CLANG_WARN_INT_CONVERSION = YES;
				CLANG_WARN_NON_LITERAL_NULL_CONVERSION = YES;
				CLANG_WARN_OBJC_IMPLICIT_RETAIN_SELF = YES;
				CLANG_WARN_OBJC_LITERAL_CONVERSION = YES;
				CLANG_WARN_OBJC_ROOT_CLASS = YES_ERROR;
				CLANG_WARN_RANGE_LOOP_ANALYSIS = YES;
				CLANG_WARN_STRICT_PROTOTYPES = YES;
				CLANG_WARN_SUSPICIOUS_MOVE = YES;
				CLANG_WARN_UNGUARDED_AVAILABILITY = YES_AGGRESSIVE;
				CLANG_WARN_UNREACHABLE_CODE = YES;
				CLANG_WARN__DUPLICATE_METHOD_MATCH = YES;
				CODE_SIGN_IDENTITY = "iPhone Developer";
				COPY_PHASE_STRIP = NO;
				DEBUG_INFORMATION_FORMAT = dwarf;
				ENABLE_STRICT_OBJC_MSGSEND = YES;
				ENABLE_TESTABILITY = YES;
				GCC_C_LANGUAGE_STANDARD = gnu11;
				GCC_DYNAMIC_NO_PIC = NO;
				GCC_NO_COMMON_BLOCKS = YES;
				GCC_OPTIMIZATION_LEVEL = 0;
				GCC_PREPROCESSOR_DEFINITIONS = (
					"DEBUG=1",
					"$(inherited)",
				);
				GCC_WARN_64_TO_32_BIT_CONVERSION = YES;
				GCC_WARN_ABOUT_RETURN_TYPE = YES_ERROR;
				GCC_WARN_UNDECLARED_SELECTOR = YES;
				GCC_WARN_UNINITIALIZED_AUTOS = YES_AGGRESSIVE;
				GCC_WARN_UNUSED_FUNCTION = YES;
				GCC_WARN_UNUSED_VARIABLE = YES;
				IPHONEOS_DEPLOYMENT_TARGET = 12.0;
				MTL_ENABLE_DEBUG_INFO = INCLUDE_SOURCE;
				MTL_FAST_MATH = YES;
				ONLY_ACTIVE_ARCH = YES;
				SDKROOT = iphoneos;
			};
			name = Debug;
		};
		0A434ACF21786A7300D4572A /* Release */ = {
			isa = XCBuildConfiguration;
			buildSettings = {
				ALWAYS_SEARCH_USER_PATHS = NO;
				CLANG_ANALYZER_NONNULL = YES;
				CLANG_ANALYZER_NUMBER_OBJECT_CONVERSION = YES_AGGRESSIVE;
				CLANG_CXX_LANGUAGE_STANDARD = "gnu++14";
				CLANG_CXX_LIBRARY = "libc++";
				CLANG_ENABLE_MODULES = YES;
				CLANG_ENABLE_OBJC_ARC = YES;
				CLANG_ENABLE_OBJC_WEAK = YES;
				CLANG_WARN_BLOCK_CAPTURE_AUTORELEASING = YES;
				CLANG_WARN_BOOL_CONVERSION = YES;
				CLANG_WARN_COMMA = YES;
				CLANG_WARN_CONSTANT_CONVERSION = YES;
				CLANG_WARN_DEPRECATED_OBJC_IMPLEMENTATIONS = YES;
				CLANG_WARN_DIRECT_OBJC_ISA_USAGE = YES_ERROR;
				CLANG_WARN_DOCUMENTATION_COMMENTS = YES;
				CLANG_WARN_EMPTY_BODY = YES;
				CLANG_WARN_ENUM_CONVERSION = YES;
				CLANG_WARN_INFINITE_RECURSION = YES;
				CLANG_WARN_INT_CONVERSION = YES;
				CLANG_WARN_NON_LITERAL_NULL_CONVERSION = YES;
				CLANG_WARN_OBJC_IMPLICIT_RETAIN_SELF = YES;
				CLANG_WARN_OBJC_LITERAL_CONVERSION = YES;
				CLANG_WARN_OBJC_ROOT_CLASS = YES_ERROR;
				CLANG_WARN_RANGE_LOOP_ANALYSIS = YES;
				CLANG_WARN_STRICT_PROTOTYPES = YES;
				CLANG_WARN_SUSPICIOUS_MOVE = YES;
				CLANG_WARN_UNGUARDED_AVAILABILITY = YES_AGGRESSIVE;
				CLANG_WARN_UNREACHABLE_CODE = YES;
				CLANG_WARN__DUPLICATE_METHOD_MATCH = YES;
				CODE_SIGN_IDENTITY = "iPhone Developer";
				COPY_PHASE_STRIP = NO;
				DEBUG_INFORMATION_FORMAT = "dwarf-with-dsym";
				ENABLE_NS_ASSERTIONS = NO;
				ENABLE_STRICT_OBJC_MSGSEND = YES;
				GCC_C_LANGUAGE_STANDARD = gnu11;
				GCC_NO_COMMON_BLOCKS = YES;
				GCC_WARN_64_TO_32_BIT_CONVERSION = YES;
				GCC_WARN_ABOUT_RETURN_TYPE = YES_ERROR;
				GCC_WARN_UNDECLARED_SELECTOR = YES;
				GCC_WARN_UNINITIALIZED_AUTOS = YES_AGGRESSIVE;
				GCC_WARN_UNUSED_FUNCTION = YES;
				GCC_WARN_UNUSED_VARIABLE = YES;
				IPHONEOS_DEPLOYMENT_TARGET = 12.0;
				MTL_ENABLE_DEBUG_INFO = NO;
				MTL_FAST_MATH = YES;
				SDKROOT = iphoneos;
				VALIDATE_PRODUCT = YES;
			};
			name = Release;
		};
		0A434AD121786A7300D4572A /* Debug */ = {
			isa = XCBuildConfiguration;
			buildSettings = {
				CODE_SIGN_STYLE = Automatic;
				FRAMEWORK_SEARCH_PATHS = (
					"$(inherited)",
					"$(PROJECT_DIR)/Frameworks",
				);
				LIBRARY_SEARCH_PATHS = (
					"$(inherited)",
					"$(PROJECT_DIR)/Frameworks/thirdlibs",
				);
				OTHER_LDFLAGS = "-ObjC";
				PRODUCT_NAME = "$(TARGET_NAME)";
				SKIP_INSTALL = YES;
				TARGETED_DEVICE_FAMILY = "1,2";
			};
			name = Debug;
		};
		0A434AD221786A7300D4572A /* Release */ = {
			isa = XCBuildConfiguration;
			buildSettings = {
				CODE_SIGN_STYLE = Automatic;
				FRAMEWORK_SEARCH_PATHS = (
					"$(inherited)",
					"$(PROJECT_DIR)/Frameworks",
				);
				LIBRARY_SEARCH_PATHS = (
					"$(inherited)",
					"$(PROJECT_DIR)/Frameworks/thirdlibs",
				);
				OTHER_LDFLAGS = "-ObjC";
				PRODUCT_NAME = "$(TARGET_NAME)";
				SKIP_INSTALL = YES;
				TARGETED_DEVICE_FAMILY = "1,2";
			};
			name = Release;
		};
/* End XCBuildConfiguration section */

/* Begin XCConfigurationList section */
		0A434AC221786A7300D4572A /* Build configuration list for PBXProject "BMapSDK" */ = {
			isa = XCConfigurationList;
			buildConfigurations = (
				0A434ACE21786A7300D4572A /* Debug */,
				0A434ACF21786A7300D4572A /* Release */,
			);
			defaultConfigurationIsVisible = 0;
			defaultConfigurationName = Release;
		};
		0A434AD021786A7300D4572A /* Build configuration list for PBXNativeTarget "BMapSDK" */ = {
			isa = XCConfigurationList;
			buildConfigurations = (
				0A434AD121786A7300D4572A /* Debug */,
				0A434AD221786A7300D4572A /* Release */,
			);
			defaultConfigurationIsVisible = 0;
			defaultConfigurationName = Release;
		};
/* End XCConfigurationList section */
	};
	rootObject = 0A434ABF21786A7300D4572A /* Project object */;
}
